
Microsoft Visual Studio Solution File, Format Version 12.00
# Visual Studio 2012
Project("{F14B399A-7131-4C87-9E4B-1186C45EF12D}") = "SymplecticReporting_00", "SymplecticReporting_00.rptproj", "{D314A201-4062-485E-8945-C2A2FE0AA900}"
EndProject
Global
	GlobalSection(SolutionConfigurationPlatforms) = preSolution
		Debug|Default = Debug|Default
		DebugLocal|Default = DebugLocal|Default
		Release|Default = Release|Default
	EndGlobalSection
	GlobalSection(ProjectConfigurationPlatforms) = postSolution
		{D314A201-4062-485E-8945-C2A2FE0AA900}.Debug|Default.ActiveCfg = Debug
		{D314A201-4062-485E-8945-C2A2FE0AA900}.Debug|Default.Build.0 = DebugLocal
		{D314A201-4062-485E-8945-C2A2FE0AA900}.Debug|Default.Deploy.0 = DebugLocal
		{D314A201-4062-485E-8945-C2A2FE0AA900}.DebugLocal|Default.ActiveCfg = DebugLocal
		{D314A201-4062-485E-8945-C2A2FE0AA900}.DebugLocal|Default.Build.0 = DebugLocal
		{D314A201-4062-485E-8945-C2A2FE0AA900}.Release|Default.ActiveCfg = Release
		{D314A201-4062-485E-8945-C2A2FE0AA900}.Release|Default.Build.0 = Release
		{D314A201-4062-485E-8945-C2A2FE0AA900}.Release|Default.Deploy.0 = Release
	EndGlobalSection
	GlobalSection(SolutionProperties) = preSolution
		HideSolutionNode = FALSE
	EndGlobalSection
EndGlobal
